uuid: 5a33deba-0ba7-46c9-8a3d-0a3d4d575926
langcode: en
status: false
dependencies:
  config:
    - views.view.who_s_online
  module:
    - views
  theme:
    - portfolio
id: views_block__who_s_online_who_s_online_block
theme: portfolio
region: sidebar
weight: 0
provider: null
plugin: 'views_block:who_s_online-who_s_online_block'
settings:
  id: 'views_block:who_s_online-who_s_online_block'
  label: ''
  label_display: '0'
  provider: views
  views_label: ''
  items_per_page: none
visibility: {  }
